
Microsoft Visual Studio Solution File, Format Version 12.00
# Visual Studio Version 17
VisualStudioVersion = 17.14.36408.4
MinimumVisualStudioVersion = 10.0.40219.1
Project("{FAE04EC0-301F-11D3-BF4B-00C04F79EFBC}") = "Elite.SpanshTools", "src\Elite.SpanshTools.csproj", "{B03B10F9-3C84-45AE-B897-D1310CF902DF}"
EndProject
Project("{FAE04EC0-301F-11D3-BF4B-00C04F79EFBC}") = "Elite.SpanshTools.Benchmark", "benchmarks\Elite.SpanshTools.Benchmark.csproj", "{0D1F2A8A-7841-2C80-0FFE-CB2A36EDA9C3}"
EndProject
Project("{FAE04EC0-301F-11D3-BF4B-00C04F79EFBC}") = "Elite.SpanshTools.Sample", "sample\Elite.SpanshTools.Sample.csproj", "{A215A3E4-4D5E-9995-39B0-913281749A41}"
EndProject
Project("{FAE04EC0-301F-11D3-BF4B-00C04F79EFBC}") = "Elite.SpanshTools.Tests", "test\Elite.SpanshTools.Tests.csproj", "{D5FBD454-B4CE-2DCE-DA07-1553DEF19CD4}"
EndProject
Global
	GlobalSection(SolutionConfigurationPlatforms) = preSolution
		Debug|Any CPU = Debug|Any CPU
		Release|Any CPU = Release|Any CPU
	EndGlobalSection
	GlobalSection(ProjectConfigurationPlatforms) = postSolution
		{B03B10F9-3C84-45AE-B897-D1310CF902DF}.Debug|Any CPU.ActiveCfg = Debug|Any CPU
		{B03B10F9-3C84-45AE-B897-D1310CF902DF}.Debug|Any CPU.Build.0 = Debug|Any CPU
		{B03B10F9-3C84-45AE-B897-D1310CF902DF}.Release|Any CPU.ActiveCfg = Release|Any CPU
		{B03B10F9-3C84-45AE-B897-D1310CF902DF}.Release|Any CPU.Build.0 = Release|Any CPU
		{0D1F2A8A-7841-2C80-0FFE-CB2A36EDA9C3}.Debug|Any CPU.ActiveCfg = Debug|Any CPU
		{0D1F2A8A-7841-2C80-0FFE-CB2A36EDA9C3}.Debug|Any CPU.Build.0 = Debug|Any CPU
		{0D1F2A8A-7841-2C80-0FFE-CB2A36EDA9C3}.Release|Any CPU.ActiveCfg = Release|Any CPU
		{0D1F2A8A-7841-2C80-0FFE-CB2A36EDA9C3}.Release|Any CPU.Build.0 = Release|Any CPU
		{A215A3E4-4D5E-9995-39B0-913281749A41}.Debug|Any CPU.ActiveCfg = Debug|Any CPU
		{A215A3E4-4D5E-9995-39B0-913281749A41}.Debug|Any CPU.Build.0 = Debug|Any CPU
		{A215A3E4-4D5E-9995-39B0-913281749A41}.Release|Any CPU.ActiveCfg = Release|Any CPU
		{A215A3E4-4D5E-9995-39B0-913281749A41}.Release|Any CPU.Build.0 = Release|Any CPU
		{D5FBD454-B4CE-2DCE-DA07-1553DEF19CD4}.Debug|Any CPU.ActiveCfg = Debug|Any CPU
		{D5FBD454-B4CE-2DCE-DA07-1553DEF19CD4}.Debug|Any CPU.Build.0 = Debug|Any CPU
		{D5FBD454-B4CE-2DCE-DA07-1553DEF19CD4}.Release|Any CPU.ActiveCfg = Release|Any CPU
		{D5FBD454-B4CE-2DCE-DA07-1553DEF19CD4}.Release|Any CPU.Build.0 = Release|Any CPU
	EndGlobalSection
	GlobalSection(SolutionProperties) = preSolution
		HideSolutionNode = FALSE
	EndGlobalSection
	GlobalSection(ExtensibilityGlobals) = postSolution
		SolutionGuid = {D03937E1-3FA8-43FA-9D39-CC345022D416}
	EndGlobalSection
EndGlobal
